
Microsoft Visual Studio Solution File, Format Version 12.00
# Visual Studio Version 17
VisualStudioVersion = 17.4.33205.214
MinimumVisualStudioVersion = 10.0.40219.1
Project("{FAE04EC0-301F-11D3-BF4B-00C04F79EFBC}") = "ClubMemberShip-App", "ClubMemberShip-App\ClubMemberShip-App.csproj", "{F029A09D-14F0-43E0-B82B-6A5CFEF0641E}"
EndProject
Project("{FAE04EC0-301F-11D3-BF4B-00C04F79EFBC}") = "FieldValidatorAPI", "FieldValidatorAPI\FieldValidatorAPI.csproj", "{CC7524EA-664E-43DB-8952-05360B710E3E}"
EndProject
Global
	GlobalSection(SolutionConfigurationPlatforms) = preSolution
		Debug|Any CPU = Debug|Any CPU
		Release|Any CPU = Release|Any CPU
	EndGlobalSection
	GlobalSection(ProjectConfigurationPlatforms) = postSolution
		{F029A09D-14F0-43E0-B82B-6A5CFEF0641E}.Debug|Any CPU.ActiveCfg = Debug|Any CPU
		{F029A09D-14F0-43E0-B82B-6A5CFEF0641E}.Debug|Any CPU.Build.0 = Debug|Any CPU
		{F029A09D-14F0-43E0-B82B-6A5CFEF0641E}.Release|Any CPU.ActiveCfg = Release|Any CPU
		{F029A09D-14F0-43E0-B82B-6A5CFEF0641E}.Release|Any CPU.Build.0 = Release|Any CPU
		{CC7524EA-664E-43DB-8952-05360B710E3E}.Debug|Any CPU.ActiveCfg = Debug|Any CPU
		{CC7524EA-664E-43DB-8952-05360B710E3E}.Debug|Any CPU.Build.0 = Debug|Any CPU
		{CC7524EA-664E-43DB-8952-05360B710E3E}.Release|Any CPU.ActiveCfg = Release|Any CPU
		{CC7524EA-664E-43DB-8952-05360B710E3E}.Release|Any CPU.Build.0 = Release|Any CPU
	EndGlobalSection
	GlobalSection(SolutionProperties) = preSolution
		HideSolutionNode = FALSE
	EndGlobalSection
	GlobalSection(ExtensibilityGlobals) = postSolution
		SolutionGuid = {3ECE8094-EA38-417B-8C5E-30F807C650D6}
	EndGlobalSection
EndGlobal
